
Microsoft Visual Studio Solution File, Format Version 12.00
# Visual Studio 15
VisualStudioVersion = 15.0.28307.1433
MinimumVisualStudioVersion = 10.0.40219.1
Project("{8BC9CEB8-8B4A-11D0-8D11-00A0C91BC942}") = "DP", "DP\DP.vcxproj", "{17899E82-A4CD-4DDD-B16F-4580656A882A}"
EndProject
Global
	GlobalSection(SolutionConfigurationPlatforms) = preSolution
		Debug|x64 = Debug|x64
		Debug|x86 = Debug|x86
		Release|x64 = Release|x64
		Release|x86 = Release|x86
	EndGlobalSection
	GlobalSection(ProjectConfigurationPlatforms) = postSolution
		{17899E82-A4CD-4DDD-B16F-4580656A882A}.Debug|x64.ActiveCfg = Debug|x64
		{17899E82-A4CD-4DDD-B16F-4580656A882A}.Debug|x64.Build.0 = Debug|x64
		{17899E82-A4CD-4DDD-B16F-4580656A882A}.Debug|x86.ActiveCfg = Debug|Win32
		{17899E82-A4CD-4DDD-B16F-4580656A882A}.Debug|x86.Build.0 = Debug|Win32
		{17899E82-A4CD-4DDD-B16F-4580656A882A}.Release|x64.ActiveCfg = Release|x64
		{17899E82-A4CD-4DDD-B16F-4580656A882A}.Release|x64.Build.0 = Release|x64
		{17899E82-A4CD-4DDD-B16F-4580656A882A}.Release|x86.ActiveCfg = Release|Win32
		{17899E82-A4CD-4DDD-B16F-4580656A882A}.Release|x86.Build.0 = Release|Win32
	EndGlobalSection
	GlobalSection(SolutionProperties) = preSolution
		HideSolutionNode = FALSE
	EndGlobalSection
	GlobalSection(ExtensibilityGlobals) = postSolution
		SolutionGuid = {8EAF8053-A7EF-4E06-BFBE-8674F51D2570}
	EndGlobalSection
EndGlobal
